
Microsoft Visual Studio Solution File, Format Version 12.00
# Visual Studio Version 17
VisualStudioVersion = 17.10.35122.118
MinimumVisualStudioVersion = 10.0.40219.1
Project("{2150E333-8FDC-42A3-9474-1A3956D46DE8}") = "Services", "Services", "{19DA9D71-D584-4062-B1CE-2DC8C9711C9E}"
EndProject
Project("{2150E333-8FDC-42A3-9474-1A3956D46DE8}") = "Catalog", "Catalog", "{A6BF23E0-0E69-409D-8EE3-8A9FF9E0BCA7}"
EndProject
Project("{FAE04EC0-301F-11D3-BF4B-00C04F79EFBC}") = "Catalog.API", "..\src\Services\Catalog\Catalog.API\Catalog.API.csproj", "{442ACC74-45C1-476B-B318-F72CBAB663BC}"
EndProject
Global
	GlobalSection(SolutionConfigurationPlatforms) = preSolution
		Debug|Any CPU = Debug|Any CPU
		Release|Any CPU = Release|Any CPU
	EndGlobalSection
	GlobalSection(ProjectConfigurationPlatforms) = postSolution
		{442ACC74-45C1-476B-B318-F72CBAB663BC}.Debug|Any CPU.ActiveCfg = Debug|Any CPU
		{442ACC74-45C1-476B-B318-F72CBAB663BC}.Debug|Any CPU.Build.0 = Debug|Any CPU
		{442ACC74-45C1-476B-B318-F72CBAB663BC}.Release|Any CPU.ActiveCfg = Release|Any CPU
		{442ACC74-45C1-476B-B318-F72CBAB663BC}.Release|Any CPU.Build.0 = Release|Any CPU
	EndGlobalSection
	GlobalSection(SolutionProperties) = preSolution
		HideSolutionNode = FALSE
	EndGlobalSection
	GlobalSection(NestedProjects) = preSolution
		{A6BF23E0-0E69-409D-8EE3-8A9FF9E0BCA7} = {19DA9D71-D584-4062-B1CE-2DC8C9711C9E}
		{442ACC74-45C1-476B-B318-F72CBAB663BC} = {A6BF23E0-0E69-409D-8EE3-8A9FF9E0BCA7}
	EndGlobalSection
	GlobalSection(ExtensibilityGlobals) = postSolution
		SolutionGuid = {7AC45549-6AC1-4A3A-A326-0C9351E312B5}
	EndGlobalSection
EndGlobal
